
Microsoft Visual Studio Solution File, Format Version 12.00
# Visual Studio Version 16
VisualStudioVersion = 16.0.31515.178
MinimumVisualStudioVersion = 10.0.40219.1
Project("{FAE04EC0-301F-11D3-BF4B-00C04F79EFBC}") = "MyFirstApp", "MyFirstApp.csproj", "{7F93927F-A458-4EF7-8770-2470644F8740}"
EndProject
Global
	GlobalSection(SolutionConfigurationPlatforms) = preSolution
		Debug|Any CPU = Debug|Any CPU
		Release|Any CPU = Release|Any CPU
	EndGlobalSection
	GlobalSection(ProjectConfigurationPlatforms) = postSolution
		{7F93927F-A458-4EF7-8770-2470644F8740}.Debug|Any CPU.ActiveCfg = Debug|Any CPU
		{7F93927F-A458-4EF7-8770-2470644F8740}.Debug|Any CPU.Build.0 = Debug|Any CPU
		{7F93927F-A458-4EF7-8770-2470644F8740}.Release|Any CPU.ActiveCfg = Release|Any CPU
		{7F93927F-A458-4EF7-8770-2470644F8740}.Release|Any CPU.Build.0 = Release|Any CPU
	EndGlobalSection
	GlobalSection(SolutionProperties) = preSolution
		HideSolutionNode = FALSE
	EndGlobalSection
	GlobalSection(ExtensibilityGlobals) = postSolution
		SolutionGuid = {AF186D9A-685B-4953-B196-E58AB641CC4C}
	EndGlobalSection
EndGlobal
